
Microsoft Visual Studio Solution File, Format Version 12.00
# Visual Studio Version 17
VisualStudioVersion = 17.3.32804.467
MinimumVisualStudioVersion = 10.0.40219.1
Project("{FAE04EC0-301F-11D3-BF4B-00C04F79EFBC}") = "SatrancTahtasi", "SatrancTahtasi\SatrancTahtasi.csproj", "{D35AE03A-6FEB-4340-BE4B-9DB7982FF25D}"
EndProject
Global
	GlobalSection(SolutionConfigurationPlatforms) = preSolution
		Debug|Any CPU = Debug|Any CPU
		Release|Any CPU = Release|Any CPU
	EndGlobalSection
	GlobalSection(ProjectConfigurationPlatforms) = postSolution
		{D35AE03A-6FEB-4340-BE4B-9DB7982FF25D}.Debug|Any CPU.ActiveCfg = Debug|Any CPU
		{D35AE03A-6FEB-4340-BE4B-9DB7982FF25D}.Debug|Any CPU.Build.0 = Debug|Any CPU
		{D35AE03A-6FEB-4340-BE4B-9DB7982FF25D}.Release|Any CPU.ActiveCfg = Release|Any CPU
		{D35AE03A-6FEB-4340-BE4B-9DB7982FF25D}.Release|Any CPU.Build.0 = Release|Any CPU
	EndGlobalSection
	GlobalSection(SolutionProperties) = preSolution
		HideSolutionNode = FALSE
	EndGlobalSection
	GlobalSection(ExtensibilityGlobals) = postSolution
		SolutionGuid = {3E7F075C-6FC2-4DDB-8225-D1BEDE578EC8}
	EndGlobalSection
EndGlobal
